
Microsoft Visual Studio Solution File, Format Version 12.00
# Visual Studio Version 17
VisualStudioVersion = 17.2.32526.322
MinimumVisualStudioVersion = 10.0.40219.1
Project("{FAE04EC0-301F-11D3-BF4B-00C04F79EFBC}") = "WEB-API_Net-Core", "WEB-API_Net-Core.csproj", "{97C57B6E-F81A-48A5-9DB7-3B9EF72A434D}"
EndProject
Global
	GlobalSection(SolutionConfigurationPlatforms) = preSolution
		Debug|Any CPU = Debug|Any CPU
		Release|Any CPU = Release|Any CPU
	EndGlobalSection
	GlobalSection(ProjectConfigurationPlatforms) = postSolution
		{97C57B6E-F81A-48A5-9DB7-3B9EF72A434D}.Debug|Any CPU.ActiveCfg = Debug|Any CPU
		{97C57B6E-F81A-48A5-9DB7-3B9EF72A434D}.Debug|Any CPU.Build.0 = Debug|Any CPU
		{97C57B6E-F81A-48A5-9DB7-3B9EF72A434D}.Release|Any CPU.ActiveCfg = Release|Any CPU
		{97C57B6E-F81A-48A5-9DB7-3B9EF72A434D}.Release|Any CPU.Build.0 = Release|Any CPU
	EndGlobalSection
	GlobalSection(SolutionProperties) = preSolution
		HideSolutionNode = FALSE
	EndGlobalSection
	GlobalSection(ExtensibilityGlobals) = postSolution
		SolutionGuid = {C861CD9F-343D-4E86-839F-AA15D46B5A37}
	EndGlobalSection
EndGlobal
